
Microsoft Visual Studio Solution File, Format Version 12.00
# Visual Studio Version 17
VisualStudioVersion = 17.3.32929.385
MinimumVisualStudioVersion = 10.0.40219.1
Project("{FAE04EC0-301F-11D3-BF4B-00C04F79EFBC}") = "ConsoleAppBasics2", "ConsoleAppBasics2\ConsoleAppBasics2.csproj", "{D4C526AA-8207-4C85-B6E9-471550111ADD}"
EndProject
Global
	GlobalSection(SolutionConfigurationPlatforms) = preSolution
		Debug|Any CPU = Debug|Any CPU
		Release|Any CPU = Release|Any CPU
	EndGlobalSection
	GlobalSection(ProjectConfigurationPlatforms) = postSolution
		{D4C526AA-8207-4C85-B6E9-471550111ADD}.Debug|Any CPU.ActiveCfg = Debug|Any CPU
		{D4C526AA-8207-4C85-B6E9-471550111ADD}.Debug|Any CPU.Build.0 = Debug|Any CPU
		{D4C526AA-8207-4C85-B6E9-471550111ADD}.Release|Any CPU.ActiveCfg = Release|Any CPU
		{D4C526AA-8207-4C85-B6E9-471550111ADD}.Release|Any CPU.Build.0 = Release|Any CPU
	EndGlobalSection
	GlobalSection(SolutionProperties) = preSolution
		HideSolutionNode = FALSE
	EndGlobalSection
	GlobalSection(ExtensibilityGlobals) = postSolution
		SolutionGuid = {F98A8593-2353-4F2A-8AF5-35810A7C2EBB}
	EndGlobalSection
EndGlobal
