
Microsoft Visual Studio Solution File, Format Version 12.00
# Visual Studio Version 17
VisualStudioVersion = 17.3.32929.385
MinimumVisualStudioVersion = 10.0.40219.1
Project("{FAE04EC0-301F-11D3-BF4B-00C04F79EFBC}") = "ConsoleAppBasics1", "ConsoleAppBasics1\ConsoleAppBasics1.csproj", "{B374B16C-78EC-4511-A2D7-7674CF79BB03}"
EndProject
Global
	GlobalSection(SolutionConfigurationPlatforms) = preSolution
		Debug|Any CPU = Debug|Any CPU
		Release|Any CPU = Release|Any CPU
	EndGlobalSection
	GlobalSection(ProjectConfigurationPlatforms) = postSolution
		{B374B16C-78EC-4511-A2D7-7674CF79BB03}.Debug|Any CPU.ActiveCfg = Debug|Any CPU
		{B374B16C-78EC-4511-A2D7-7674CF79BB03}.Debug|Any CPU.Build.0 = Debug|Any CPU
		{B374B16C-78EC-4511-A2D7-7674CF79BB03}.Release|Any CPU.ActiveCfg = Release|Any CPU
		{B374B16C-78EC-4511-A2D7-7674CF79BB03}.Release|Any CPU.Build.0 = Release|Any CPU
	EndGlobalSection
	GlobalSection(SolutionProperties) = preSolution
		HideSolutionNode = FALSE
	EndGlobalSection
	GlobalSection(ExtensibilityGlobals) = postSolution
		SolutionGuid = {1C6CA2BF-B438-40BD-8897-84CD34F3FFCB}
	EndGlobalSection
EndGlobal
